
Microsoft Visual Studio Solution File, Format Version 12.00
# Visual Studio Version 17
VisualStudioVersion = 17.5.33516.290
MinimumVisualStudioVersion = 10.0.40219.1
Project("{9A19103F-16F7-4668-BE54-9A1E7A4F7556}") = "OpenAI.Embeddings.RediSearch.Vector.NET", "OpenAI.Embeddings.RediSearch.Vector.NET\OpenAI.Embeddings.RediSearch.Vector.NET.csproj", "{510D6161-1886-42B4-A7DF-554A125BFF92}"
EndProject
Project("{2150E333-8FDC-42A3-9474-1A3956D46DE8}") = "00.Solution Items", "00.Solution Items", "{71011E01-179A-4753-A282-3F7BE2EBD24D}"
	ProjectSection(SolutionItems) = preProject
		.gitattributes = .gitattributes
		.gitignore = .gitignore
		README.md = README.md
	EndProjectSection
EndProject
Global
	GlobalSection(SolutionConfigurationPlatforms) = preSolution
		Debug|Any CPU = Debug|Any CPU
		Release|Any CPU = Release|Any CPU
	EndGlobalSection
	GlobalSection(ProjectConfigurationPlatforms) = postSolution
		{510D6161-1886-42B4-A7DF-554A125BFF92}.Debug|Any CPU.ActiveCfg = Debug|Any CPU
		{510D6161-1886-42B4-A7DF-554A125BFF92}.Debug|Any CPU.Build.0 = Debug|Any CPU
		{510D6161-1886-42B4-A7DF-554A125BFF92}.Release|Any CPU.ActiveCfg = Release|Any CPU
		{510D6161-1886-42B4-A7DF-554A125BFF92}.Release|Any CPU.Build.0 = Release|Any CPU
	EndGlobalSection
	GlobalSection(SolutionProperties) = preSolution
		HideSolutionNode = FALSE
	EndGlobalSection
	GlobalSection(ExtensibilityGlobals) = postSolution
		SolutionGuid = {61CEEAEF-4EAA-48E3-82F4-385E154E7248}
	EndGlobalSection
EndGlobal
